
Microsoft Visual Studio Solution File, Format Version 12.00
# Visual Studio Version 17
VisualStudioVersion = 17.8.34330.188
MinimumVisualStudioVersion = 10.0.40219.1
Project("{2150E333-8FDC-42A3-9474-1A3956D46DE8}") = "src", "src", "{2BF52387-6AE4-4DBB-91F9-AD912523B0BD}"
EndProject
Project("{9A19103F-16F7-4668-BE54-9A1E7A4F7556}") = "Domain", "Domain\Domain.csproj", "{E5D22BFC-006F-4BC1-8148-0149F13095C6}"
EndProject
Project("{9A19103F-16F7-4668-BE54-9A1E7A4F7556}") = "Infrastructure", "Infrastructure\Infrastructure.csproj", "{B93C9928-6006-4D83-9E32-790E125802DA}"
EndProject
Project("{9A19103F-16F7-4668-BE54-9A1E7A4F7556}") = "Application", "Application\Application.csproj", "{519B0BFF-A02C-4452-9C77-9D3CECB61E0B}"
EndProject
Project("{9A19103F-16F7-4668-BE54-9A1E7A4F7556}") = "Presentation", "Presentation\Presentation.csproj", "{6F6AF2D7-48B3-4B2A-8E59-04F6113C6BF2}"
EndProject
Project("{2150E333-8FDC-42A3-9474-1A3956D46DE8}") = "Solution Items", "Solution Items", "{1B06795C-3DE3-4207-8277-1327C3AD67D9}"
	ProjectSection(SolutionItems) = preProject
		.gitignore = .gitignore
	EndProjectSection
EndProject
Global
	GlobalSection(SolutionConfigurationPlatforms) = preSolution
		Debug|Any CPU = Debug|Any CPU
		Release|Any CPU = Release|Any CPU
	EndGlobalSection
	GlobalSection(ProjectConfigurationPlatforms) = postSolution
		{E5D22BFC-006F-4BC1-8148-0149F13095C6}.Debug|Any CPU.ActiveCfg = Debug|Any CPU
		{E5D22BFC-006F-4BC1-8148-0149F13095C6}.Debug|Any CPU.Build.0 = Debug|Any CPU
		{E5D22BFC-006F-4BC1-8148-0149F13095C6}.Release|Any CPU.ActiveCfg = Release|Any CPU
		{E5D22BFC-006F-4BC1-8148-0149F13095C6}.Release|Any CPU.Build.0 = Release|Any CPU
		{B93C9928-6006-4D83-9E32-790E125802DA}.Debug|Any CPU.ActiveCfg = Debug|Any CPU
		{B93C9928-6006-4D83-9E32-790E125802DA}.Debug|Any CPU.Build.0 = Debug|Any CPU
		{B93C9928-6006-4D83-9E32-790E125802DA}.Release|Any CPU.ActiveCfg = Release|Any CPU
		{B93C9928-6006-4D83-9E32-790E125802DA}.Release|Any CPU.Build.0 = Release|Any CPU
		{519B0BFF-A02C-4452-9C77-9D3CECB61E0B}.Debug|Any CPU.ActiveCfg = Debug|Any CPU
		{519B0BFF-A02C-4452-9C77-9D3CECB61E0B}.Debug|Any CPU.Build.0 = Debug|Any CPU
		{519B0BFF-A02C-4452-9C77-9D3CECB61E0B}.Release|Any CPU.ActiveCfg = Release|Any CPU
		{519B0BFF-A02C-4452-9C77-9D3CECB61E0B}.Release|Any CPU.Build.0 = Release|Any CPU
		{6F6AF2D7-48B3-4B2A-8E59-04F6113C6BF2}.Debug|Any CPU.ActiveCfg = Debug|Any CPU
		{6F6AF2D7-48B3-4B2A-8E59-04F6113C6BF2}.Debug|Any CPU.Build.0 = Debug|Any CPU
		{6F6AF2D7-48B3-4B2A-8E59-04F6113C6BF2}.Release|Any CPU.ActiveCfg = Release|Any CPU
		{6F6AF2D7-48B3-4B2A-8E59-04F6113C6BF2}.Release|Any CPU.Build.0 = Release|Any CPU
	EndGlobalSection
	GlobalSection(SolutionProperties) = preSolution
		HideSolutionNode = FALSE
	EndGlobalSection
	GlobalSection(NestedProjects) = preSolution
		{E5D22BFC-006F-4BC1-8148-0149F13095C6} = {2BF52387-6AE4-4DBB-91F9-AD912523B0BD}
		{B93C9928-6006-4D83-9E32-790E125802DA} = {2BF52387-6AE4-4DBB-91F9-AD912523B0BD}
		{519B0BFF-A02C-4452-9C77-9D3CECB61E0B} = {2BF52387-6AE4-4DBB-91F9-AD912523B0BD}
		{6F6AF2D7-48B3-4B2A-8E59-04F6113C6BF2} = {2BF52387-6AE4-4DBB-91F9-AD912523B0BD}
	EndGlobalSection
	GlobalSection(ExtensibilityGlobals) = postSolution
		SolutionGuid = {DE2D7F64-DC48-4BF6-B3CE-1AE91F8334CC}
	EndGlobalSection
EndGlobal
